
Microsoft Visual Studio Solution File, Format Version 12.00
# Visual Studio Version 16
VisualStudioVersion = 16.0.29519.87
MinimumVisualStudioVersion = 10.0.40219.1
Project("{FAE04EC0-301F-11D3-BF4B-00C04F79EFBC}") = "ACM.BL", "ACM.BL\ACM.BL.csproj", "{E50B2B96-D0DD-4617-BDB0-D7DBB6B6E99A}"
EndProject
Project("{2150E333-8FDC-42A3-9474-1A3956D46DE8}") = "Tests", "Tests", "{87D40EA9-B9F2-4941-82EE-4E01E3E98A43}"
EndProject
Project("{FAE04EC0-301F-11D3-BF4B-00C04F79EFBC}") = "ACM.BLTest", "Tests\ACM.BLTest\ACM.BLTest.csproj", "{F2BC2E5B-59E9-4AC1-A37E-52DA6AF192EC}"
EndProject
Project("{FAE04EC0-301F-11D3-BF4B-00C04F79EFBC}") = "Acme.Common", "Acme.Common\Acme.Common.csproj", "{433B7CAA-0A38-47F8-8FC0-7985A1A4E98C}"
EndProject
Project("{FAE04EC0-301F-11D3-BF4B-00C04F79EFBC}") = "Acme.CommonTest", "Tests\Acme.CommonTest\Acme.CommonTest.csproj", "{FF1F06B6-14E9-4985-B607-CAF076951221}"
EndProject
Global
	GlobalSection(SolutionConfigurationPlatforms) = preSolution
		Debug|Any CPU = Debug|Any CPU
		Release|Any CPU = Release|Any CPU
	EndGlobalSection
	GlobalSection(ProjectConfigurationPlatforms) = postSolution
		{E50B2B96-D0DD-4617-BDB0-D7DBB6B6E99A}.Debug|Any CPU.ActiveCfg = Debug|Any CPU
		{E50B2B96-D0DD-4617-BDB0-D7DBB6B6E99A}.Debug|Any CPU.Build.0 = Debug|Any CPU
		{E50B2B96-D0DD-4617-BDB0-D7DBB6B6E99A}.Release|Any CPU.ActiveCfg = Release|Any CPU
		{E50B2B96-D0DD-4617-BDB0-D7DBB6B6E99A}.Release|Any CPU.Build.0 = Release|Any CPU
		{F2BC2E5B-59E9-4AC1-A37E-52DA6AF192EC}.Debug|Any CPU.ActiveCfg = Debug|Any CPU
		{F2BC2E5B-59E9-4AC1-A37E-52DA6AF192EC}.Debug|Any CPU.Build.0 = Debug|Any CPU
		{F2BC2E5B-59E9-4AC1-A37E-52DA6AF192EC}.Release|Any CPU.ActiveCfg = Release|Any CPU
		{F2BC2E5B-59E9-4AC1-A37E-52DA6AF192EC}.Release|Any CPU.Build.0 = Release|Any CPU
		{433B7CAA-0A38-47F8-8FC0-7985A1A4E98C}.Debug|Any CPU.ActiveCfg = Debug|Any CPU
		{433B7CAA-0A38-47F8-8FC0-7985A1A4E98C}.Debug|Any CPU.Build.0 = Debug|Any CPU
		{433B7CAA-0A38-47F8-8FC0-7985A1A4E98C}.Release|Any CPU.ActiveCfg = Release|Any CPU
		{433B7CAA-0A38-47F8-8FC0-7985A1A4E98C}.Release|Any CPU.Build.0 = Release|Any CPU
		{FF1F06B6-14E9-4985-B607-CAF076951221}.Debug|Any CPU.ActiveCfg = Debug|Any CPU
		{FF1F06B6-14E9-4985-B607-CAF076951221}.Debug|Any CPU.Build.0 = Debug|Any CPU
		{FF1F06B6-14E9-4985-B607-CAF076951221}.Release|Any CPU.ActiveCfg = Release|Any CPU
		{FF1F06B6-14E9-4985-B607-CAF076951221}.Release|Any CPU.Build.0 = Release|Any CPU
	EndGlobalSection
	GlobalSection(SolutionProperties) = preSolution
		HideSolutionNode = FALSE
	EndGlobalSection
	GlobalSection(NestedProjects) = preSolution
		{F2BC2E5B-59E9-4AC1-A37E-52DA6AF192EC} = {87D40EA9-B9F2-4941-82EE-4E01E3E98A43}
		{FF1F06B6-14E9-4985-B607-CAF076951221} = {87D40EA9-B9F2-4941-82EE-4E01E3E98A43}
	EndGlobalSection
	GlobalSection(ExtensibilityGlobals) = postSolution
		SolutionGuid = {36AAF581-7DD9-4B87-8187-A8DB0222A3DE}
	EndGlobalSection
EndGlobal
